// !$*UTF8*$!
{
	archiveVersion = 1;
	classes = {
	};
	objectVersion = 46;
	objects = {

/* Begin PBXBuildFile section */
		AB413EEC1D22EA1400E4B0B6 /* main.m in Sources */ = {isa = PBXBuildFile; fileRef = AB413EEB1D22EA1400E4B0B6 /* main.m */; };
		AB413EF41D22EBC000E4B0B6 /* Boxes.m in Sources */ = {isa = PBXBuildFile; fileRef = AB413EF31D22EBC000E4B0B6 /* Boxes.m */; };
/* End PBXBuildFile section */

/* Begin PBXCopyFilesBuildPhase section */
		AB413EE61D22EA1400E4B0B6 /* CopyFiles */ = {
			isa = PBXCopyFilesBuildPhase;
			buildActionMask = 2147483647;
			dstPath = /usr/share/man/man1/;
			dstSubfolderSpec = 0;
			files = (
			);
			runOnlyForDeploymentPostprocessing = 1;
		};
/* End PBXCopyFilesBuildPhase section */

/* Begin PBXFileReference section */
		AB413EE81D22EA1400E4B0B6 /* Boxes */ = {isa = PBXFileReference; explicitFileType = "compiled.mach-o.executable"; includeInIndex = 0; path = Boxes; sourceTree = BUILT_PRODUCTS_DIR; };
		AB413EEB1D22EA1400E4B0B6 /* main.m */ = {isa = PBXFileReference; lastKnownFileType = sourcecode.c.objc; path = main.m; sourceTree = "<group>"; };
		AB413EF21D22EBC000E4B0B6 /* Boxes.h */ = {isa = PBXFileReference; fileEncoding = 4; lastKnownFileType = sourcecode.c.h; path = Boxes.h; sourceTree = "<group>"; };
		AB413EF31D22EBC000E4B0B6 /* Boxes.m */ = {isa = PBXFileReference; fileEncoding = 4; lastKnownFileType = sourcecode.c.objc; path = Boxes.m; sourceTree = "<group>"; };
/* End PBXFileReference section */

/* Begin PBXFrameworksBuildPhase section */
		AB413EE51D22EA1400E4B0B6 /* Frameworks */ = {
			isa = PBXFrameworksBuildPhase;
			buildActionMask = 2147483647;
			files = (
			);
			runOnlyForDeploymentPostprocessing = 0;
		};
/* End PBXFrameworksBuildPhase section */

/* Begin PBXGroup section */
		AB413EDF1D22EA1400E4B0B6 = {
			isa = PBXGroup;
			children = (
				AB413EEA1D22EA1400E4B0B6 /* Boxes */,
				AB413EE91D22EA1400E4B0B6 /* Products */,
			);
			sourceTree = "<group>";
		};
		AB413EE91D22EA1400E4B0B6 /* Products */ = {
			isa = PBXGroup;
			children = (
				AB413EE81D22EA1400E4B0B6 /* Boxes */,
			);
			name = Products;
			sourceTree = "<group>";
		};
		AB413EEA1D22EA1400E4B0B6 /* Boxes */ = {
			isa = PBXGroup;
			children = (
				AB413EEB1D22EA1400E4B0B6 /* main.m */,
				AB413EF21D22EBC000E4B0B6 /* Boxes.h */,
				AB413EF31D22EBC000E4B0B6 /* Boxes.m */,
			);
			path = Boxes;
			sourceTree = "<group>";
		};
/* End PBXGroup section */

/* Begin PBXNativeTarget section */
		AB413EE71D22EA1400E4B0B6 /* Boxes */ = {
			isa = PBXNativeTarget;
			buildConfigurationList = AB413EEF1D22EA1400E4B0B6 /* Build configuration list for PBXNativeTarget "Boxes" */;
			buildPhases = (
				AB413EE41D22EA1400E4B0B6 /* Sources */,
				AB413EE51D22EA1400E4B0B6 /* Frameworks */,
				AB413EE61D22EA1400E4B0B6 /* CopyFiles */,
			);
			buildRules = (
			);
			dependencies = (
			);
			name = Boxes;
			productName = Boxes;
			productReference = AB413EE81D22EA1400E4B0B6 /* Boxes */;
			productType = "com.apple.product-type.tool";
		};
/* End PBXNativeTarget section */

/* Begin PBXProject section */
		AB413EE01D22EA1400E4B0B6 /* Project object */ = {
			isa = PBXProject;
			attributes = {
				LastUpgradeCheck = 0730;
				ORGANIZATIONNAME = "JOSE PILAPIL";
				TargetAttributes = {
					AB413EE71D22EA1400E4B0B6 = {
						CreatedOnToolsVersion = 7.3.1;
					};
				};
			};
			buildConfigurationList = AB413EE31D22EA1400E4B0B6 /* Build configuration list for PBXProject "Boxes" */;
			compatibilityVersion = "Xcode 3.2";
			developmentRegion = English;
			hasScannedForEncodings = 0;
			knownRegions = (
				en,
			);
			mainGroup = AB413EDF1D22EA1400E4B0B6;
			productRefGroup = AB413EE91D22EA1400E4B0B6 /* Products */;
			projectDirPath = "";
			projectRoot = "";
			targets = (
				AB413EE71D22EA1400E4B0B6 /* Boxes */,
			);
		};
/* End PBXProject section */

/* Begin PBXSourcesBuildPhase section */
		AB413EE41D22EA1400E4B0B6 /* Sources */ = {
			isa = PBXSourcesBuildPhase;
			buildActionMask = 2147483647;
			files = (
				AB413EEC1D22EA1400E4B0B6 /* main.m in Sources */,
				AB413EF41D22EBC000E4B0B6 /* Boxes.m in Sources */,
			);
			runOnlyForDeploymentPostprocessing = 0;
		};
/* End PBXSourcesBuildPhase section */

/* Begin XCBuildConfiguration section */
		AB413EED1D22EA1400E4B0B6 /* Debug */ = {
			isa = XCBuildConfiguration;
			buildSettings = {
				ALWAYS_SEARCH_USER_PATHS = NO;
				CLANG_ANALYZER_NONNULL = YES;
				CLANG_CXX_LANGUAGE_STANDARD = "gnu++0x";
				CLANG_CXX_LIBRARY = "libc++";
				CLANG_ENABLE_MODULES = YES;
				CLANG_ENABLE_OBJC_ARC = YES;
				CLANG_WARN_BOOL_CONVERSION = YES;
				CLANG_WARN_CONSTANT_CONVERSION = YES;
				CLANG_WARN_DIRECT_OBJC_ISA_USAGE = YES_ERROR;
				CLANG_WARN_EMPTY_BODY = YES;
				CLANG_WARN_ENUM_CONVERSION = YES;
				CLANG_WARN_INT_CONVERSION = YES;
				CLANG_WARN_OBJC_ROOT_CLASS = YES_ERROR;
				CLANG_WARN_UNREACHABLE_CODE = YES;
				CLANG_WARN__DUPLICATE_METHOD_MATCH = YES;
				CODE_SIGN_IDENTITY = "-";
				COPY_PHASE_STRIP = NO;
				DEBUG_INFORMATION_FORMAT = dwarf;
				ENABLE_STRICT_OBJC_MSGSEND = YES;
				ENABLE_TESTABILITY = YES;
				GCC_C_LANGUAGE_STANDARD = gnu99;
				GCC_DYNAMIC_NO_PIC = NO;
				GCC_NO_COMMON_BLOCKS = YES;
				GCC_OPTIMIZATION_LEVEL = 0;
				GCC_PREPROCESSOR_DEFINITIONS = (
					"DEBUG=1",
					"$(inherited)",
				);
				GCC_WARN_64_TO_32_BIT_CONVERSION = YES;
				GCC_WARN_ABOUT_RETURN_TYPE = YES_ERROR;
				GCC_WARN_UNDECLARED_SELECTOR = YES;
				GCC_WARN_UNINITIALIZED_AUTOS = YES_AGGRESSIVE;
				GCC_WARN_UNUSED_FUNCTION = YES;
				GCC_WARN_UNUSED_VARIABLE = YES;
				MACOSX_DEPLOYMENT_TARGET = 10.11;
				MTL_ENABLE_DEBUG_INFO = YES;
				ONLY_ACTIVE_ARCH = YES;
				SDKROOT = macosx;
			};
			name = Debug;
		};
		AB413EEE1D22EA1400E4B0B6 /* Release */ = {
			isa = XCBuildConfiguration;
			buildSettings = {
				ALWAYS_SEARCH_USER_PATHS = NO;
				CLANG_ANALYZER_NONNULL = YES;
				CLANG_CXX_LANGUAGE_STANDARD = "gnu++0x";
				CLANG_CXX_LIBRARY = "libc++";
				CLANG_ENABLE_MODULES = YES;
				CLANG_ENABLE_OBJC_ARC = YES;
				CLANG_WARN_BOOL_CONVERSION = YES;
				CLANG_WARN_CONSTANT_CONVERSION = YES;
				CLANG_WARN_DIRECT_OBJC_ISA_USAGE = YES_ERROR;
				CLANG_WARN_EMPTY_BODY = YES;
				CLANG_WARN_ENUM_CONVERSION = YES;
				CLANG_WARN_INT_CONVERSION = YES;
				CLANG_WARN_OBJC_ROOT_CLASS = YES_ERROR;
				CLANG_WARN_UNREACHABLE_CODE = YES;
				CLANG_WARN__DUPLICATE_METHOD_MATCH = YES;
				CODE_SIGN_IDENTITY = "-";
				COPY_PHASE_STRIP = NO;
				DEBUG_INFORMATION_FORMAT = "dwarf-with-dsym";
				ENABLE_NS_ASSERTIONS = NO;
				ENABLE_STRICT_OBJC_MSGSEND = YES;
				GCC_C_LANGUAGE_STANDARD = gnu99;
				GCC_NO_COMMON_BLOCKS = YES;
				GCC_WARN_64_TO_32_BIT_CONVERSION = YES;
				GCC_WARN_ABOUT_RETURN_TYPE = YES_ERROR;
				GCC_WARN_UNDECLARED_SELECTOR = YES;
				GCC_WARN_UNINITIALIZED_AUTOS = YES_AGGRESSIVE;
				GCC_WARN_UNUSED_FUNCTION = YES;
				GCC_WARN_UNUSED_VARIABLE = YES;
				MACOSX_DEPLOYMENT_TARGET = 10.11;
				MTL_ENABLE_DEBUG_INFO = NO;
				SDKROOT = macosx;
			};
			name = Release;
		};
		AB413EF01D22EA1400E4B0B6 /* Debug */ = {
			isa = XCBuildConfiguration;
			buildSettings = {
				PRODUCT_NAME = "$(TARGET_NAME)";
			};
			name = Debug;
		};
		AB413EF11D22EA1400E4B0B6 /* Release */ = {
			isa = XCBuildConfiguration;
			buildSettings = {
				PRODUCT_NAME = "$(TARGET_NAME)";
			};
			name = Release;
		};
/* End XCBuildConfiguration section */

/* Begin XCConfigurationList section */
		AB413EE31D22EA1400E4B0B6 /* Build configuration list for PBXProject "Boxes" */ = {
			isa = XCConfigurationList;
			buildConfigurations = (
				AB413EED1D22EA1400E4B0B6 /* Debug */,
				AB413EEE1D22EA1400E4B0B6 /* Release */,
			);
			defaultConfigurationIsVisible = 0;
			defaultConfigurationName = Release;
		};
		AB413EEF1D22EA1400E4B0B6 /* Build configuration list for PBXNativeTarget "Boxes" */ = {
			isa = XCConfigurationList;
			buildConfigurations = (
				AB413EF01D22EA1400E4B0B6 /* Debug */,
				AB413EF11D22EA1400E4B0B6 /* Release */,
			);
			defaultConfigurationIsVisible = 0;
		};
/* End XCConfigurationList section */
	};
	rootObject = AB413EE01D22EA1400E4B0B6 /* Project object */;
}
